# This file is automatically @generated by Cargo.
# It is not intended for manual editing.
version = 4

[[package]]
name = "lpcli"
version = "0.0.0"
dependencies = [
 "lplib",
]

[[package]]
name = "lpfirmware"
version = "0.0.0"
dependencies = [
 "lplib",
]

[[package]]
name = "lplib"
version = "0.0.0"
